// !$*UTF8*$!
{
	archiveVersion = 1;
	classes = {
	};
	objectVersion = 48;
	objects = {

/* Begin PBXBuildFile section */
		2F187EE420490AB10055BA0F /* AppDelegate.swift in Sources */ = {isa = PBXBuildFile; fileRef = 2F187EE320490AB10055BA0F /* AppDelegate.swift */; };
		2F187EE620490AB10055BA0F /* ViewController.swift in Sources */ = {isa = PBXBuildFile; fileRef = 2F187EE520490AB10055BA0F /* ViewController.swift */; };
		2F187EE920490AB10055BA0F /* Main.storyboard in Resources */ = {isa = PBXBuildFile; fileRef = 2F187EE720490AB10055BA0F /* Main.storyboard */; };
		2F187EEB20490AB10055BA0F /* Assets.xcassets in Resources */ = {isa = PBXBuildFile; fileRef = 2F187EEA20490AB10055BA0F /* Assets.xcassets */; };
		2F187EEE20490AB10055BA0F /* LaunchScreen.storyboard in Resources */ = {isa = PBXBuildFile; fileRef = 2F187EEC20490AB10055BA0F /* LaunchScreen.storyboard */; };
		2F187EF620490D5D0055BA0F /* SecondStoryboard.storyboard in Resources */ = {isa = PBXBuildFile; fileRef = 2F187EF520490D5D0055BA0F /* SecondStoryboard.storyboard */; };
		2F187EF8204916390055BA0F /* MainPageViewController.swift in Sources */ = {isa = PBXBuildFile; fileRef = 2F187EF7204916390055BA0F /* MainPageViewController.swift */; };
		2F187EFA204916610055BA0F /* FirstViewController.swift in Sources */ = {isa = PBXBuildFile; fileRef = 2F187EF9204916610055BA0F /* FirstViewController.swift */; };
		2F187EFC2049167E0055BA0F /* SecondViewController.swift in Sources */ = {isa = PBXBuildFile; fileRef = 2F187EFB2049167E0055BA0F /* SecondViewController.swift */; };
		2F187EFE204916880055BA0F /* ThirdViewController.swift in Sources */ = {isa = PBXBuildFile; fileRef = 2F187EFD204916880055BA0F /* ThirdViewController.swift */; };
		2F187F00204CC9D30055BA0F /* MyContentsManager.swift in Sources */ = {isa = PBXBuildFile; fileRef = 2F187EFF204CC9D30055BA0F /* MyContentsManager.swift */; };
		2F187F02204CDBFC0055BA0F /* NotificationViewController.swift in Sources */ = {isa = PBXBuildFile; fileRef = 2F187F01204CDBFC0055BA0F /* NotificationViewController.swift */; };
		2F86651F204D079600A93A77 /* WKWViewController.swift in Sources */ = {isa = PBXBuildFile; fileRef = 2F86651E204D079600A93A77 /* WKWViewController.swift */; };
		2F866523204E27FA00A93A77 /* AVViewController.swift in Sources */ = {isa = PBXBuildFile; fileRef = 2F866522204E27FA00A93A77 /* AVViewController.swift */; };
		2F866525204E34F500A93A77 /* AVPlayerViewController.swift in Sources */ = {isa = PBXBuildFile; fileRef = 2F866524204E34F500A93A77 /* AVPlayerViewController.swift */; };
		2F866527204E4ED900A93A77 /* test.mp4 in Resources */ = {isa = PBXBuildFile; fileRef = 2F866526204E4E6D00A93A77 /* test.mp4 */; };
/* End PBXBuildFile section */

/* Begin PBXFileReference section */
		2F187EE020490AB10055BA0F /* Sample.app */ = {isa = PBXFileReference; explicitFileType = wrapper.application; includeInIndex = 0; path = Sample.app; sourceTree = BUILT_PRODUCTS_DIR; };
		2F187EE320490AB10055BA0F /* AppDelegate.swift */ = {isa = PBXFileReference; lastKnownFileType = sourcecode.swift; path = AppDelegate.swift; sourceTree = "<group>"; };
		2F187EE520490AB10055BA0F /* ViewController.swift */ = {isa = PBXFileReference; lastKnownFileType = sourcecode.swift; path = ViewController.swift; sourceTree = "<group>"; };
		2F187EE820490AB10055BA0F /* Base */ = {isa = PBXFileReference; lastKnownFileType = file.storyboard; name = Base; path = Base.lproj/Main.storyboard; sourceTree = "<group>"; };
		2F187EEA20490AB10055BA0F /* Assets.xcassets */ = {isa = PBXFileReference; lastKnownFileType = folder.assetcatalog; path = Assets.xcassets; sourceTree = "<group>"; };
		2F187EED20490AB10055BA0F /* Base */ = {isa = PBXFileReference; lastKnownFileType = file.storyboard; name = Base; path = Base.lproj/LaunchScreen.storyboard; sourceTree = "<group>"; };
		2F187EEF20490AB10055BA0F /* Info.plist */ = {isa = PBXFileReference; lastKnownFileType = text.plist.xml; path = Info.plist; sourceTree = "<group>"; };
		2F187EF520490D5D0055BA0F /* SecondStoryboard.storyboard */ = {isa = PBXFileReference; lastKnownFileType = file.storyboard; path = SecondStoryboard.storyboard; sourceTree = "<group>"; };
		2F187EF7204916390055BA0F /* MainPageViewController.swift */ = {isa = PBXFileReference; lastKnownFileType = sourcecode.swift; path = MainPageViewController.swift; sourceTree = "<group>"; };
		2F187EF9204916610055BA0F /* FirstViewController.swift */ = {isa = PBXFileReference; lastKnownFileType = sourcecode.swift; path = FirstViewController.swift; sourceTree = "<group>"; };
		2F187EFB2049167E0055BA0F /* SecondViewController.swift */ = {isa = PBXFileReference; lastKnownFileType = sourcecode.swift; path = SecondViewController.swift; sourceTree = "<group>"; };
		2F187EFD204916880055BA0F /* ThirdViewController.swift */ = {isa = PBXFileReference; lastKnownFileType = sourcecode.swift; path = ThirdViewController.swift; sourceTree = "<group>"; };
		2F187EFF204CC9D30055BA0F /* MyContentsManager.swift */ = {isa = PBXFileReference; lastKnownFileType = sourcecode.swift; path = MyContentsManager.swift; sourceTree = "<group>"; };
		2F187F01204CDBFC0055BA0F /* NotificationViewController.swift */ = {isa = PBXFileReference; lastKnownFileType = sourcecode.swift; path = NotificationViewController.swift; sourceTree = "<group>"; };
		2F86651E204D079600A93A77 /* WKWViewController.swift */ = {isa = PBXFileReference; lastKnownFileType = sourcecode.swift; path = WKWViewController.swift; sourceTree = "<group>"; };
		2F866522204E27FA00A93A77 /* AVViewController.swift */ = {isa = PBXFileReference; lastKnownFileType = sourcecode.swift; path = AVViewController.swift; sourceTree = "<group>"; };
		2F866524204E34F500A93A77 /* AVPlayerViewController.swift */ = {isa = PBXFileReference; lastKnownFileType = sourcecode.swift; path = AVPlayerViewController.swift; sourceTree = "<group>"; };
		2F866526204E4E6D00A93A77 /* test.mp4 */ = {isa = PBXFileReference; lastKnownFileType = file; path = test.mp4; sourceTree = "<group>"; };
/* End PBXFileReference section */

/* Begin PBXFrameworksBuildPhase section */
		2F187EDD20490AB10055BA0F /* Frameworks */ = {
			isa = PBXFrameworksBuildPhase;
			buildActionMask = 2147483647;
			files = (
			);
			runOnlyForDeploymentPostprocessing = 0;
		};
/* End PBXFrameworksBuildPhase section */

/* Begin PBXGroup section */
		2F187ED720490AB10055BA0F = {
			isa = PBXGroup;
			children = (
				2F187EE220490AB10055BA0F /* Sample */,
				2F187EE120490AB10055BA0F /* Products */,
			);
			sourceTree = "<group>";
		};
		2F187EE120490AB10055BA0F /* Products */ = {
			isa = PBXGroup;
			children = (
				2F187EE020490AB10055BA0F /* Sample.app */,
			);
			name = Products;
			sourceTree = "<group>";
		};
		2F187EE220490AB10055BA0F /* Sample */ = {
			isa = PBXGroup;
			children = (
				2F866528204F6E0C00A93A77 /* Page */,
				2F187EE320490AB10055BA0F /* AppDelegate.swift */,
				2F187EE520490AB10055BA0F /* ViewController.swift */,
				2F187EE720490AB10055BA0F /* Main.storyboard */,
				2F187EF520490D5D0055BA0F /* SecondStoryboard.storyboard */,
				2F187EEA20490AB10055BA0F /* Assets.xcassets */,
				2F187EEC20490AB10055BA0F /* LaunchScreen.storyboard */,
				2F187EEF20490AB10055BA0F /* Info.plist */,
				2F187EFF204CC9D30055BA0F /* MyContentsManager.swift */,
				2F187F01204CDBFC0055BA0F /* NotificationViewController.swift */,
				2F86651E204D079600A93A77 /* WKWViewController.swift */,
				2F866522204E27FA00A93A77 /* AVViewController.swift */,
				2F866524204E34F500A93A77 /* AVPlayerViewController.swift */,
				2F866526204E4E6D00A93A77 /* test.mp4 */,
			);
			path = Sample;
			sourceTree = "<group>";
		};
		2F866528204F6E0C00A93A77 /* Page */ = {
			isa = PBXGroup;
			children = (
				2F187EF7204916390055BA0F /* MainPageViewController.swift */,
				2F187EF9204916610055BA0F /* FirstViewController.swift */,
				2F187EFB2049167E0055BA0F /* SecondViewController.swift */,
				2F187EFD204916880055BA0F /* ThirdViewController.swift */,
			);
			path = Page;
			sourceTree = "<group>";
		};
/* End PBXGroup section */

/* Begin PBXNativeTarget section */
		2F187EDF20490AB10055BA0F /* Sample */ = {
			isa = PBXNativeTarget;
			buildConfigurationList = 2F187EF220490AB10055BA0F /* Build configuration list for PBXNativeTarget "Sample" */;
			buildPhases = (
				2F187EDC20490AB10055BA0F /* Sources */,
				2F187EDD20490AB10055BA0F /* Frameworks */,
				2F187EDE20490AB10055BA0F /* Resources */,
			);
			buildRules = (
			);
			dependencies = (
			);
			name = Sample;
			productName = Sample;
			productReference = 2F187EE020490AB10055BA0F /* Sample.app */;
			productType = "com.apple.product-type.application";
		};
/* End PBXNativeTarget section */

/* Begin PBXProject section */
		2F187ED820490AB10055BA0F /* Project object */ = {
			isa = PBXProject;
			attributes = {
				LastSwiftUpdateCheck = 0920;
				LastUpgradeCheck = 0920;
				ORGANIZATIONNAME = "Watanabe Takehiro";
				TargetAttributes = {
					2F187EDF20490AB10055BA0F = {
						CreatedOnToolsVersion = 9.2;
						ProvisioningStyle = Manual;
					};
				};
			};
			buildConfigurationList = 2F187EDB20490AB10055BA0F /* Build configuration list for PBXProject "Sample" */;
			compatibilityVersion = "Xcode 8.0";
			developmentRegion = en;
			hasScannedForEncodings = 0;
			knownRegions = (
				en,
				Base,
			);
			mainGroup = 2F187ED720490AB10055BA0F;
			productRefGroup = 2F187EE120490AB10055BA0F /* Products */;
			projectDirPath = "";
			projectRoot = "";
			targets = (
				2F187EDF20490AB10055BA0F /* Sample */,
			);
		};
/* End PBXProject section */

/* Begin PBXResourcesBuildPhase section */
		2F187EDE20490AB10055BA0F /* Resources */ = {
			isa = PBXResourcesBuildPhase;
			buildActionMask = 2147483647;
			files = (
				2F866527204E4ED900A93A77 /* test.mp4 in Resources */,
				2F187EEE20490AB10055BA0F /* LaunchScreen.storyboard in Resources */,
				2F187EEB20490AB10055BA0F /* Assets.xcassets in Resources */,
				2F187EE920490AB10055BA0F /* Main.storyboard in Resources */,
				2F187EF620490D5D0055BA0F /* SecondStoryboard.storyboard in Resources */,
			);
			runOnlyForDeploymentPostprocessing = 0;
		};
/* End PBXResourcesBuildPhase section */

/* Begin PBXSourcesBuildPhase section */
		2F187EDC20490AB10055BA0F /* Sources */ = {
			isa = PBXSourcesBuildPhase;
			buildActionMask = 2147483647;
			files = (
				2F187EE620490AB10055BA0F /* ViewController.swift in Sources */,
				2F187EF8204916390055BA0F /* MainPageViewController.swift in Sources */,
				2F86651F204D079600A93A77 /* WKWViewController.swift in Sources */,
				2F187F02204CDBFC0055BA0F /* NotificationViewController.swift in Sources */,
				2F187EE420490AB10055BA0F /* AppDelegate.swift in Sources */,
				2F187F00204CC9D30055BA0F /* MyContentsManager.swift in Sources */,
				2F187EFC2049167E0055BA0F /* SecondViewController.swift in Sources */,
				2F866523204E27FA00A93A77 /* AVViewController.swift in Sources */,
				2F866525204E34F500A93A77 /* AVPlayerViewController.swift in Sources */,
				2F187EFE204916880055BA0F /* ThirdViewController.swift in Sources */,
				2F187EFA204916610055BA0F /* FirstViewController.swift in Sources */,
			);
			runOnlyForDeploymentPostprocessing = 0;
		};
/* End PBXSourcesBuildPhase section */

/* Begin PBXVariantGroup section */
		2F187EE720490AB10055BA0F /* Main.storyboard */ = {
			isa = PBXVariantGroup;
			children = (
				2F187EE820490AB10055BA0F /* Base */,
			);
			name = Main.storyboard;
			sourceTree = "<group>";
		};
		2F187EEC20490AB10055BA0F /* LaunchScreen.storyboard */ = {
			isa = PBXVariantGroup;
			children = (
				2F187EED20490AB10055BA0F /* Base */,
			);
			name = LaunchScreen.storyboard;
			sourceTree = "<group>";
		};
/* End PBXVariantGroup section */

/* Begin XCBuildConfiguration section */
		2F187EF020490AB10055BA0F /* Debug */ = {
			isa = XCBuildConfiguration;
			buildSettings = {
				ALWAYS_SEARCH_USER_PATHS = NO;
				CLANG_ANALYZER_NONNULL = YES;
				CLANG_ANALYZER_NUMBER_OBJECT_CONVERSION = YES_AGGRESSIVE;
				CLANG_CXX_LANGUAGE_STANDARD = "gnu++14";
				CLANG_CXX_LIBRARY = "libc++";
				CLANG_ENABLE_MODULES = YES;
				CLANG_ENABLE_OBJC_ARC = YES;
				CLANG_WARN_BLOCK_CAPTURE_AUTORELEASING = YES;
				CLANG_WARN_BOOL_CONVERSION = YES;
				CLANG_WARN_COMMA = YES;
				CLANG_WARN_CONSTANT_CONVERSION = YES;
				CLANG_WARN_DIRECT_OBJC_ISA_USAGE = YES_ERROR;
				CLANG_WARN_DOCUMENTATION_COMMENTS = YES;
				CLANG_WARN_EMPTY_BODY = YES;
				CLANG_WARN_ENUM_CONVERSION = YES;
				CLANG_WARN_INFINITE_RECURSION = YES;
				CLANG_WARN_INT_CONVERSION = YES;
				CLANG_WARN_NON_LITERAL_NULL_CONVERSION = YES;
				CLANG_WARN_OBJC_LITERAL_CONVERSION = YES;
				CLANG_WARN_OBJC_ROOT_CLASS = YES_ERROR;
				CLANG_WARN_RANGE_LOOP_ANALYSIS = YES;
				CLANG_WARN_STRICT_PROTOTYPES = YES;
				CLANG_WARN_SUSPICIOUS_MOVE = YES;
				CLANG_WARN_UNGUARDED_AVAILABILITY = YES_AGGRESSIVE;
				CLANG_WARN_UNREACHABLE_CODE = YES;
				CLANG_WARN__DUPLICATE_METHOD_MATCH = YES;
				CODE_SIGN_IDENTITY = "iPhone Developer";
				COPY_PHASE_STRIP = NO;
				DEBUG_INFORMATION_FORMAT = dwarf;
				ENABLE_STRICT_OBJC_MSGSEND = YES;
				ENABLE_TESTABILITY = YES;
				GCC_C_LANGUAGE_STANDARD = gnu11;
				GCC_DYNAMIC_NO_PIC = NO;
				GCC_NO_COMMON_BLOCKS = YES;
				GCC_OPTIMIZATION_LEVEL = 0;
				GCC_PREPROCESSOR_DEFINITIONS = (
					"DEBUG=1",
					"$(inherited)",
				);
				GCC_WARN_64_TO_32_BIT_CONVERSION = YES;
				GCC_WARN_ABOUT_RETURN_TYPE = YES_ERROR;
				GCC_WARN_UNDECLARED_SELECTOR = YES;
				GCC_WARN_UNINITIALIZED_AUTOS = YES_AGGRESSIVE;
				GCC_WARN_UNUSED_FUNCTION = YES;
				GCC_WARN_UNUSED_VARIABLE = YES;
				IPHONEOS_DEPLOYMENT_TARGET = 11.2;
				MTL_ENABLE_DEBUG_INFO = YES;
				ONLY_ACTIVE_ARCH = YES;
				SDKROOT = iphoneos;
				SWIFT_ACTIVE_COMPILATION_CONDITIONS = DEBUG;
				SWIFT_OPTIMIZATION_LEVEL = "-Onone";
			};
			name = Debug;
		};
		2F187EF120490AB10055BA0F /* Release */ = {
			isa = XCBuildConfiguration;
			buildSettings = {
				ALWAYS_SEARCH_USER_PATHS = NO;
				CLANG_ANALYZER_NONNULL = YES;
				CLANG_ANALYZER_NUMBER_OBJECT_CONVERSION = YES_AGGRESSIVE;
				CLANG_CXX_LANGUAGE_STANDARD = "gnu++14";
				CLANG_CXX_LIBRARY = "libc++";
				CLANG_ENABLE_MODULES = YES;
				CLANG_ENABLE_OBJC_ARC = YES;
				CLANG_WARN_BLOCK_CAPTURE_AUTORELEASING = YES;
				CLANG_WARN_BOOL_CONVERSION = YES;
				CLANG_WARN_COMMA = YES;
				CLANG_WARN_CONSTANT_CONVERSION = YES;
				CLANG_WARN_DIRECT_OBJC_ISA_USAGE = YES_ERROR;
				CLANG_WARN_DOCUMENTATION_COMMENTS = YES;
				CLANG_WARN_EMPTY_BODY = YES;
				CLANG_WARN_ENUM_CONVERSION = YES;
				CLANG_WARN_INFINITE_RECURSION = YES;
				CLANG_WARN_INT_CONVERSION = YES;
				CLANG_WARN_NON_LITERAL_NULL_CONVERSION = YES;
				CLANG_WARN_OBJC_LITERAL_CONVERSION = YES;
				CLANG_WARN_OBJC_ROOT_CLASS = YES_ERROR;
				CLANG_WARN_RANGE_LOOP_ANALYSIS = YES;
				CLANG_WARN_STRICT_PROTOTYPES = YES;
				CLANG_WARN_SUSPICIOUS_MOVE = YES;
				CLANG_WARN_UNGUARDED_AVAILABILITY = YES_AGGRESSIVE;
				CLANG_WARN_UNREACHABLE_CODE = YES;
				CLANG_WARN__DUPLICATE_METHOD_MATCH = YES;
				CODE_SIGN_IDENTITY = "iPhone Developer";
				COPY_PHASE_STRIP = NO;
				DEBUG_INFORMATION_FORMAT = "dwarf-with-dsym";
				ENABLE_NS_ASSERTIONS = NO;
				ENABLE_STRICT_OBJC_MSGSEND = YES;
				GCC_C_LANGUAGE_STANDARD = gnu11;
				GCC_NO_COMMON_BLOCKS = YES;
				GCC_WARN_64_TO_32_BIT_CONVERSION = YES;
				GCC_WARN_ABOUT_RETURN_TYPE = YES_ERROR;
				GCC_WARN_UNDECLARED_SELECTOR = YES;
				GCC_WARN_UNINITIALIZED_AUTOS = YES_AGGRESSIVE;
				GCC_WARN_UNUSED_FUNCTION = YES;
				GCC_WARN_UNUSED_VARIABLE = YES;
				IPHONEOS_DEPLOYMENT_TARGET = 11.2;
				MTL_ENABLE_DEBUG_INFO = NO;
				SDKROOT = iphoneos;
				SWIFT_OPTIMIZATION_LEVEL = "-Owholemodule";
				VALIDATE_PRODUCT = YES;
			};
			name = Release;
		};
		2F187EF320490AB10055BA0F /* Debug */ = {
			isa = XCBuildConfiguration;
			buildSettings = {
				ASSETCATALOG_COMPILER_APPICON_NAME = AppIcon;
				"CODE_SIGN_IDENTITY[sdk=iphoneos*]" = "iPhone Distribution";
				CODE_SIGN_STYLE = Manual;
				DEVELOPMENT_TEAM = L38LY46757;
				INFOPLIST_FILE = Sample/Info.plist;
				IPHONEOS_DEPLOYMENT_TARGET = 11.2;
				LD_RUNPATH_SEARCH_PATHS = "$(inherited) @executable_path/Frameworks";
				PRODUCT_BUNDLE_IDENTIFIER = jp.co.globis.tksample;
				PRODUCT_NAME = "$(TARGET_NAME)";
				PROVISIONING_PROFILE = "55cbe78f-8a41-469c-a040-47ea860aae24";
				PROVISIONING_PROFILE_SPECIFIER = tksample;
				SWIFT_VERSION = 4.0;
				TARGETED_DEVICE_FAMILY = 1;
			};
			name = Debug;
		};
		2F187EF420490AB10055BA0F /* Release */ = {
			isa = XCBuildConfiguration;
			buildSettings = {
				ASSETCATALOG_COMPILER_APPICON_NAME = AppIcon;
				"CODE_SIGN_IDENTITY[sdk=iphoneos*]" = "iPhone Distribution";
				CODE_SIGN_STYLE = Manual;
				DEVELOPMENT_TEAM = L38LY46757;
				INFOPLIST_FILE = Sample/Info.plist;
				IPHONEOS_DEPLOYMENT_TARGET = 11.2;
				LD_RUNPATH_SEARCH_PATHS = "$(inherited) @executable_path/Frameworks";
				PRODUCT_BUNDLE_IDENTIFIER = jp.co.globis.tksample;
				PRODUCT_NAME = "$(TARGET_NAME)";
				PROVISIONING_PROFILE = "55cbe78f-8a41-469c-a040-47ea860aae24";
				PROVISIONING_PROFILE_SPECIFIER = tksample;
				SWIFT_VERSION = 4.0;
				TARGETED_DEVICE_FAMILY = 1;
			};
			name = Release;
		};
/* End XCBuildConfiguration section */

/* Begin XCConfigurationList section */
		2F187EDB20490AB10055BA0F /* Build configuration list for PBXProject "Sample" */ = {
			isa = XCConfigurationList;
			buildConfigurations = (
				2F187EF020490AB10055BA0F /* Debug */,
				2F187EF120490AB10055BA0F /* Release */,
			);
			defaultConfigurationIsVisible = 0;
			defaultConfigurationName = Release;
		};
		2F187EF220490AB10055BA0F /* Build configuration list for PBXNativeTarget "Sample" */ = {
			isa = XCConfigurationList;
			buildConfigurations = (
				2F187EF320490AB10055BA0F /* Debug */,
				2F187EF420490AB10055BA0F /* Release */,
			);
			defaultConfigurationIsVisible = 0;
			defaultConfigurationName = Release;
		};
/* End XCConfigurationList section */
	};
	rootObject = 2F187ED820490AB10055BA0F /* Project object */;
}
